// !$*UTF8*$!
{
	archiveVersion = 1;
	classes = {
	};
	objectVersion = 46;
	objects = {

/* Begin PBXBuildFile section */
		120283161F614D6D002A33F2 /* main.m in Sources */ = {isa = PBXBuildFile; fileRef = 120283151F614D6D002A33F2 /* main.m */; };
		120283191F614D6D002A33F2 /* AppDelegate.m in Sources */ = {isa = PBXBuildFile; fileRef = 120283181F614D6D002A33F2 /* AppDelegate.m */; };
		1202831C1F614D6D002A33F2 /* ViewController.m in Sources */ = {isa = PBXBuildFile; fileRef = 1202831B1F614D6D002A33F2 /* ViewController.m */; };
		1202831F1F614D6D002A33F2 /* Main.storyboard in Resources */ = {isa = PBXBuildFile; fileRef = 1202831D1F614D6D002A33F2 /* Main.storyboard */; };
		120283211F614D6D002A33F2 /* Assets.xcassets in Resources */ = {isa = PBXBuildFile; fileRef = 120283201F614D6D002A33F2 /* Assets.xcassets */; };
		120283241F614D6D002A33F2 /* LaunchScreen.storyboard in Resources */ = {isa = PBXBuildFile; fileRef = 120283221F614D6D002A33F2 /* LaunchScreen.storyboard */; };
		120283311F614D76002A33F2 /* UITextField+TextChange.m in Sources */ = {isa = PBXBuildFile; fileRef = 1202832C1F614D76002A33F2 /* UITextField+TextChange.m */; };
		120283321F614D76002A33F2 /* UITextView+TextChange.m in Sources */ = {isa = PBXBuildFile; fileRef = 1202832E1F614D76002A33F2 /* UITextView+TextChange.m */; };
		120283331F614D76002A33F2 /* ZhCharNumberLimit.m in Sources */ = {isa = PBXBuildFile; fileRef = 120283301F614D76002A33F2 /* ZhCharNumberLimit.m */; };
		120283361F614F73002A33F2 /* MBProgressHUD+Add.m in Sources */ = {isa = PBXBuildFile; fileRef = 120283351F614F73002A33F2 /* MBProgressHUD+Add.m */; };
		F09E961A332215C01385B913 /* libPods-ZhCharNumberLimit.a in Frameworks */ = {isa = PBXBuildFile; fileRef = E0324A59A742E2737F8AFEE4 /* libPods-ZhCharNumberLimit.a */; };
/* End PBXBuildFile section */

/* Begin PBXFileReference section */
		120283111F614D6D002A33F2 /* ZhCharNumberLimit.app */ = {isa = PBXFileReference; explicitFileType = wrapper.application; includeInIndex = 0; path = ZhCharNumberLimit.app; sourceTree = BUILT_PRODUCTS_DIR; };
		120283151F614D6D002A33F2 /* main.m */ = {isa = PBXFileReference; lastKnownFileType = sourcecode.c.objc; path = main.m; sourceTree = "<group>"; };
		120283171F614D6D002A33F2 /* AppDelegate.h */ = {isa = PBXFileReference; lastKnownFileType = sourcecode.c.h; path = AppDelegate.h; sourceTree = "<group>"; };
		120283181F614D6D002A33F2 /* AppDelegate.m */ = {isa = PBXFileReference; lastKnownFileType = sourcecode.c.objc; path = AppDelegate.m; sourceTree = "<group>"; };
		1202831A1F614D6D002A33F2 /* ViewController.h */ = {isa = PBXFileReference; lastKnownFileType = sourcecode.c.h; path = ViewController.h; sourceTree = "<group>"; };
		1202831B1F614D6D002A33F2 /* ViewController.m */ = {isa = PBXFileReference; lastKnownFileType = sourcecode.c.objc; path = ViewController.m; sourceTree = "<group>"; };
		1202831E1F614D6D002A33F2 /* Base */ = {isa = PBXFileReference; lastKnownFileType = file.storyboard; name = Base; path = Base.lproj/Main.storyboard; sourceTree = "<group>"; };
		120283201F614D6D002A33F2 /* Assets.xcassets */ = {isa = PBXFileReference; lastKnownFileType = folder.assetcatalog; path = Assets.xcassets; sourceTree = "<group>"; };
		120283231F614D6D002A33F2 /* Base */ = {isa = PBXFileReference; lastKnownFileType = file.storyboard; name = Base; path = Base.lproj/LaunchScreen.storyboard; sourceTree = "<group>"; };
		120283251F614D6D002A33F2 /* Info.plist */ = {isa = PBXFileReference; lastKnownFileType = text.plist.xml; path = Info.plist; sourceTree = "<group>"; };
		1202832B1F614D76002A33F2 /* UITextField+TextChange.h */ = {isa = PBXFileReference; fileEncoding = 4; lastKnownFileType = sourcecode.c.h; path = "UITextField+TextChange.h"; sourceTree = "<group>"; };
		1202832C1F614D76002A33F2 /* UITextField+TextChange.m */ = {isa = PBXFileReference; fileEncoding = 4; lastKnownFileType = sourcecode.c.objc; path = "UITextField+TextChange.m"; sourceTree = "<group>"; };
		1202832D1F614D76002A33F2 /* UITextView+TextChange.h */ = {isa = PBXFileReference; fileEncoding = 4; lastKnownFileType = sourcecode.c.h; path = "UITextView+TextChange.h"; sourceTree = "<group>"; };
		1202832E1F614D76002A33F2 /* UITextView+TextChange.m */ = {isa = PBXFileReference; fileEncoding = 4; lastKnownFileType = sourcecode.c.objc; path = "UITextView+TextChange.m"; sourceTree = "<group>"; };
		1202832F1F614D76002A33F2 /* ZhCharNumberLimit.h */ = {isa = PBXFileReference; fileEncoding = 4; lastKnownFileType = sourcecode.c.h; path = ZhCharNumberLimit.h; sourceTree = "<group>"; };
		120283301F614D76002A33F2 /* ZhCharNumberLimit.m */ = {isa = PBXFileReference; fileEncoding = 4; lastKnownFileType = sourcecode.c.objc; path = ZhCharNumberLimit.m; sourceTree = "<group>"; };
		120283341F614F73002A33F2 /* MBProgressHUD+Add.h */ = {isa = PBXFileReference; fileEncoding = 4; lastKnownFileType = sourcecode.c.h; path = "MBProgressHUD+Add.h"; sourceTree = "<group>"; };
		120283351F614F73002A33F2 /* MBProgressHUD+Add.m */ = {isa = PBXFileReference; fileEncoding = 4; lastKnownFileType = sourcecode.c.objc; path = "MBProgressHUD+Add.m"; sourceTree = "<group>"; };
		1B9CDCA268DF708EADF91078 /* Pods-ZhCharNumberLimit.release.xcconfig */ = {isa = PBXFileReference; includeInIndex = 1; lastKnownFileType = text.xcconfig; name = "Pods-ZhCharNumberLimit.release.xcconfig"; path = "Pods/Target Support Files/Pods-ZhCharNumberLimit/Pods-ZhCharNumberLimit.release.xcconfig"; sourceTree = "<group>"; };
		6048EE6B0C9EEFFDBB763EF7 /* Pods-ZhCharNumberLimit.debug.xcconfig */ = {isa = PBXFileReference; includeInIndex = 1; lastKnownFileType = text.xcconfig; name = "Pods-ZhCharNumberLimit.debug.xcconfig"; path = "Pods/Target Support Files/Pods-ZhCharNumberLimit/Pods-ZhCharNumberLimit.debug.xcconfig"; sourceTree = "<group>"; };
		E0324A59A742E2737F8AFEE4 /* libPods-ZhCharNumberLimit.a */ = {isa = PBXFileReference; explicitFileType = archive.ar; includeInIndex = 0; path = "libPods-ZhCharNumberLimit.a"; sourceTree = BUILT_PRODUCTS_DIR; };
/* End PBXFileReference section */

/* Begin PBXFrameworksBuildPhase section */
		1202830E1F614D6D002A33F2 /* Frameworks */ = {
			isa = PBXFrameworksBuildPhase;
			buildActionMask = 2147483647;
			files = (
				F09E961A332215C01385B913 /* libPods-ZhCharNumberLimit.a in Frameworks */,
			);
			runOnlyForDeploymentPostprocessing = 0;
		};
/* End PBXFrameworksBuildPhase section */

/* Begin PBXGroup section */
		120283081F614D6D002A33F2 = {
			isa = PBXGroup;
			children = (
				120283131F614D6D002A33F2 /* ZhCharNumberLimit */,
				120283121F614D6D002A33F2 /* Products */,
				4E3212E4E4F891B4C58F8C70 /* Pods */,
				6405BA21EA1CE707681C52EF /* Frameworks */,
			);
			sourceTree = "<group>";
		};
		120283121F614D6D002A33F2 /* Products */ = {
			isa = PBXGroup;
			children = (
				120283111F614D6D002A33F2 /* ZhCharNumberLimit.app */,
			);
			name = Products;
			sourceTree = "<group>";
		};
		120283131F614D6D002A33F2 /* ZhCharNumberLimit */ = {
			isa = PBXGroup;
			children = (
				1202832B1F614D76002A33F2 /* UITextField+TextChange.h */,
				1202832C1F614D76002A33F2 /* UITextField+TextChange.m */,
				1202832D1F614D76002A33F2 /* UITextView+TextChange.h */,
				1202832E1F614D76002A33F2 /* UITextView+TextChange.m */,
				120283341F614F73002A33F2 /* MBProgressHUD+Add.h */,
				120283351F614F73002A33F2 /* MBProgressHUD+Add.m */,
				1202832F1F614D76002A33F2 /* ZhCharNumberLimit.h */,
				120283301F614D76002A33F2 /* ZhCharNumberLimit.m */,
				120283171F614D6D002A33F2 /* AppDelegate.h */,
				120283181F614D6D002A33F2 /* AppDelegate.m */,
				1202831A1F614D6D002A33F2 /* ViewController.h */,
				1202831B1F614D6D002A33F2 /* ViewController.m */,
				1202831D1F614D6D002A33F2 /* Main.storyboard */,
				120283201F614D6D002A33F2 /* Assets.xcassets */,
				120283221F614D6D002A33F2 /* LaunchScreen.storyboard */,
				120283251F614D6D002A33F2 /* Info.plist */,
				120283141F614D6D002A33F2 /* Supporting Files */,
			);
			path = ZhCharNumberLimit;
			sourceTree = "<group>";
		};
		120283141F614D6D002A33F2 /* Supporting Files */ = {
			isa = PBXGroup;
			children = (
				120283151F614D6D002A33F2 /* main.m */,
			);
			name = "Supporting Files";
			sourceTree = "<group>";
		};
		4E3212E4E4F891B4C58F8C70 /* Pods */ = {
			isa = PBXGroup;
			children = (
				6048EE6B0C9EEFFDBB763EF7 /* Pods-ZhCharNumberLimit.debug.xcconfig */,
				1B9CDCA268DF708EADF91078 /* Pods-ZhCharNumberLimit.release.xcconfig */,
			);
			name = Pods;
			sourceTree = "<group>";
		};
		6405BA21EA1CE707681C52EF /* Frameworks */ = {
			isa = PBXGroup;
			children = (
				E0324A59A742E2737F8AFEE4 /* libPods-ZhCharNumberLimit.a */,
			);
			name = Frameworks;
			sourceTree = "<group>";
		};
/* End PBXGroup section */

/* Begin PBXNativeTarget section */
		120283101F614D6D002A33F2 /* ZhCharNumberLimit */ = {
			isa = PBXNativeTarget;
			buildConfigurationList = 120283281F614D6D002A33F2 /* Build configuration list for PBXNativeTarget "ZhCharNumberLimit" */;
			buildPhases = (
				A57840709B94EF3D3843C74B /* [CP] Check Pods Manifest.lock */,
				1202830D1F614D6D002A33F2 /* Sources */,
				1202830E1F614D6D002A33F2 /* Frameworks */,
				1202830F1F614D6D002A33F2 /* Resources */,
				1168BD04F470469C94B6C64D /* [CP] Embed Pods Frameworks */,
				411C5B8AE083B479E4034167 /* [CP] Copy Pods Resources */,
			);
			buildRules = (
			);
			dependencies = (
			);
			name = ZhCharNumberLimit;
			productName = ZhCharNumberLimit;
			productReference = 120283111F614D6D002A33F2 /* ZhCharNumberLimit.app */;
			productType = "com.apple.product-type.application";
		};
/* End PBXNativeTarget section */

/* Begin PBXProject section */
		120283091F614D6D002A33F2 /* Project object */ = {
			isa = PBXProject;
			attributes = {
				LastUpgradeCheck = 0830;
				ORGANIZATIONNAME = qq;
				TargetAttributes = {
					120283101F614D6D002A33F2 = {
						CreatedOnToolsVersion = 8.3.3;
						DevelopmentTeam = 5SU5K229BA;
						ProvisioningStyle = Automatic;
					};
				};
			};
			buildConfigurationList = 1202830C1F614D6D002A33F2 /* Build configuration list for PBXProject "ZhCharNumberLimit" */;
			compatibilityVersion = "Xcode 3.2";
			developmentRegion = English;
			hasScannedForEncodings = 0;
			knownRegions = (
				en,
				Base,
			);
			mainGroup = 120283081F614D6D002A33F2;
			productRefGroup = 120283121F614D6D002A33F2 /* Products */;
			projectDirPath = "";
			projectRoot = "";
			targets = (
				120283101F614D6D002A33F2 /* ZhCharNumberLimit */,
			);
		};
/* End PBXProject section */

/* Begin PBXResourcesBuildPhase section */
		1202830F1F614D6D002A33F2 /* Resources */ = {
			isa = PBXResourcesBuildPhase;
			buildActionMask = 2147483647;
			files = (
				120283241F614D6D002A33F2 /* LaunchScreen.storyboard in Resources */,
				120283211F614D6D002A33F2 /* Assets.xcassets in Resources */,
				1202831F1F614D6D002A33F2 /* Main.storyboard in Resources */,
			);
			runOnlyForDeploymentPostprocessing = 0;
		};
/* End PBXResourcesBuildPhase section */

/* Begin PBXShellScriptBuildPhase section */
		1168BD04F470469C94B6C64D /* [CP] Embed Pods Frameworks */ = {
			isa = PBXShellScriptBuildPhase;
			buildActionMask = 2147483647;
			files = (
			);
			inputPaths = (
			);
			name = "[CP] Embed Pods Frameworks";
			outputPaths = (
			);
			runOnlyForDeploymentPostprocessing = 0;
			shellPath = /bin/sh;
			shellScript = "\"${SRCROOT}/Pods/Target Support Files/Pods-ZhCharNumberLimit/Pods-ZhCharNumberLimit-frameworks.sh\"\n";
			showEnvVarsInLog = 0;
		};
		411C5B8AE083B479E4034167 /* [CP] Copy Pods Resources */ = {
			isa = PBXShellScriptBuildPhase;
			buildActionMask = 2147483647;
			files = (
			);
			inputPaths = (
			);
			name = "[CP] Copy Pods Resources";
			outputPaths = (
			);
			runOnlyForDeploymentPostprocessing = 0;
			shellPath = /bin/sh;
			shellScript = "\"${SRCROOT}/Pods/Target Support Files/Pods-ZhCharNumberLimit/Pods-ZhCharNumberLimit-resources.sh\"\n";
			showEnvVarsInLog = 0;
		};
		A57840709B94EF3D3843C74B /* [CP] Check Pods Manifest.lock */ = {
			isa = PBXShellScriptBuildPhase;
			buildActionMask = 2147483647;
			files = (
			);
			inputPaths = (
			);
			name = "[CP] Check Pods Manifest.lock";
			outputPaths = (
			);
			runOnlyForDeploymentPostprocessing = 0;
			shellPath = /bin/sh;
			shellScript = "diff \"${PODS_ROOT}/../Podfile.lock\" \"${PODS_ROOT}/Manifest.lock\" > /dev/null\nif [ $? != 0 ] ; then\n    # print error to STDERR\n    echo \"error: The sandbox is not in sync with the Podfile.lock. Run 'pod install' or update your CocoaPods installation.\" >&2\n    exit 1\nfi\n";
			showEnvVarsInLog = 0;
		};
/* End PBXShellScriptBuildPhase section */

/* Begin PBXSourcesBuildPhase section */
		1202830D1F614D6D002A33F2 /* Sources */ = {
			isa = PBXSourcesBuildPhase;
			buildActionMask = 2147483647;
			files = (
				120283311F614D76002A33F2 /* UITextField+TextChange.m in Sources */,
				120283361F614F73002A33F2 /* MBProgressHUD+Add.m in Sources */,
				1202831C1F614D6D002A33F2 /* ViewController.m in Sources */,
				120283331F614D76002A33F2 /* ZhCharNumberLimit.m in Sources */,
				120283191F614D6D002A33F2 /* AppDelegate.m in Sources */,
				120283321F614D76002A33F2 /* UITextView+TextChange.m in Sources */,
				120283161F614D6D002A33F2 /* main.m in Sources */,
			);
			runOnlyForDeploymentPostprocessing = 0;
		};
/* End PBXSourcesBuildPhase section */

/* Begin PBXVariantGroup section */
		1202831D1F614D6D002A33F2 /* Main.storyboard */ = {
			isa = PBXVariantGroup;
			children = (
				1202831E1F614D6D002A33F2 /* Base */,
			);
			name = Main.storyboard;
			sourceTree = "<group>";
		};
		120283221F614D6D002A33F2 /* LaunchScreen.storyboard */ = {
			isa = PBXVariantGroup;
			children = (
				120283231F614D6D002A33F2 /* Base */,
			);
			name = LaunchScreen.storyboard;
			sourceTree = "<group>";
		};
/* End PBXVariantGroup section */

/* Begin XCBuildConfiguration section */
		120283261F614D6D002A33F2 /* Debug */ = {
			isa = XCBuildConfiguration;
			buildSettings = {
				ALWAYS_SEARCH_USER_PATHS = NO;
				CLANG_ANALYZER_NONNULL = YES;
				CLANG_ANALYZER_NUMBER_OBJECT_CONVERSION = YES_AGGRESSIVE;
				CLANG_CXX_LANGUAGE_STANDARD = "gnu++0x";
				CLANG_CXX_LIBRARY = "libc++";
				CLANG_ENABLE_MODULES = YES;
				CLANG_ENABLE_OBJC_ARC = YES;
				CLANG_WARN_BOOL_CONVERSION = YES;
				CLANG_WARN_CONSTANT_CONVERSION = YES;
				CLANG_WARN_DIRECT_OBJC_ISA_USAGE = YES_ERROR;
				CLANG_WARN_DOCUMENTATION_COMMENTS = YES;
				CLANG_WARN_EMPTY_BODY = YES;
				CLANG_WARN_ENUM_CONVERSION = YES;
				CLANG_WARN_INFINITE_RECURSION = YES;
				CLANG_WARN_INT_CONVERSION = YES;
				CLANG_WARN_OBJC_ROOT_CLASS = YES_ERROR;
				CLANG_WARN_SUSPICIOUS_MOVE = YES;
				CLANG_WARN_UNREACHABLE_CODE = YES;
				CLANG_WARN__DUPLICATE_METHOD_MATCH = YES;
				"CODE_SIGN_IDENTITY[sdk=iphoneos*]" = "iPhone Developer";
				COPY_PHASE_STRIP = NO;
				DEBUG_INFORMATION_FORMAT = dwarf;
				ENABLE_STRICT_OBJC_MSGSEND = YES;
				ENABLE_TESTABILITY = YES;
				GCC_C_LANGUAGE_STANDARD = gnu99;
				GCC_DYNAMIC_NO_PIC = NO;
				GCC_NO_COMMON_BLOCKS = YES;
				GCC_OPTIMIZATION_LEVEL = 0;
				GCC_PREPROCESSOR_DEFINITIONS = (
					"DEBUG=1",
					"$(inherited)",
				);
				GCC_WARN_64_TO_32_BIT_CONVERSION = YES;
				GCC_WARN_ABOUT_RETURN_TYPE = YES_ERROR;
				GCC_WARN_UNDECLARED_SELECTOR = YES;
				GCC_WARN_UNINITIALIZED_AUTOS = YES_AGGRESSIVE;
				GCC_WARN_UNUSED_FUNCTION = YES;
				GCC_WARN_UNUSED_VARIABLE = YES;
				IPHONEOS_DEPLOYMENT_TARGET = 10.3;
				MTL_ENABLE_DEBUG_INFO = YES;
				ONLY_ACTIVE_ARCH = YES;
				SDKROOT = iphoneos;
			};
			name = Debug;
		};
		120283271F614D6D002A33F2 /* Release */ = {
			isa = XCBuildConfiguration;
			buildSettings = {
				ALWAYS_SEARCH_USER_PATHS = NO;
				CLANG_ANALYZER_NONNULL = YES;
				CLANG_ANALYZER_NUMBER_OBJECT_CONVERSION = YES_AGGRESSIVE;
				CLANG_CXX_LANGUAGE_STANDARD = "gnu++0x";
				CLANG_CXX_LIBRARY = "libc++";
				CLANG_ENABLE_MODULES = YES;
				CLANG_ENABLE_OBJC_ARC = YES;
				CLANG_WARN_BOOL_CONVERSION = YES;
				CLANG_WARN_CONSTANT_CONVERSION = YES;
				CLANG_WARN_DIRECT_OBJC_ISA_USAGE = YES_ERROR;
				CLANG_WARN_DOCUMENTATION_COMMENTS = YES;
				CLANG_WARN_EMPTY_BODY = YES;
				CLANG_WARN_ENUM_CONVERSION = YES;
				CLANG_WARN_INFINITE_RECURSION = YES;
				CLANG_WARN_INT_CONVERSION = YES;
				CLANG_WARN_OBJC_ROOT_CLASS = YES_ERROR;
				CLANG_WARN_SUSPICIOUS_MOVE = YES;
				CLANG_WARN_UNREACHABLE_CODE = YES;
				CLANG_WARN__DUPLICATE_METHOD_MATCH = YES;
				"CODE_SIGN_IDENTITY[sdk=iphoneos*]" = "iPhone Developer";
				COPY_PHASE_STRIP = NO;
				DEBUG_INFORMATION_FORMAT = "dwarf-with-dsym";
				ENABLE_NS_ASSERTIONS = NO;
				ENABLE_STRICT_OBJC_MSGSEND = YES;
				GCC_C_LANGUAGE_STANDARD = gnu99;
				GCC_NO_COMMON_BLOCKS = YES;
				GCC_WARN_64_TO_32_BIT_CONVERSION = YES;
				GCC_WARN_ABOUT_RETURN_TYPE = YES_ERROR;
				GCC_WARN_UNDECLARED_SELECTOR = YES;
				GCC_WARN_UNINITIALIZED_AUTOS = YES_AGGRESSIVE;
				GCC_WARN_UNUSED_FUNCTION = YES;
				GCC_WARN_UNUSED_VARIABLE = YES;
				IPHONEOS_DEPLOYMENT_TARGET = 10.3;
				MTL_ENABLE_DEBUG_INFO = NO;
				SDKROOT = iphoneos;
				VALIDATE_PRODUCT = YES;
			};
			name = Release;
		};
		120283291F614D6D002A33F2 /* Debug */ = {
			isa = XCBuildConfiguration;
			baseConfigurationReference = 6048EE6B0C9EEFFDBB763EF7 /* Pods-ZhCharNumberLimit.debug.xcconfig */;
			buildSettings = {
				ASSETCATALOG_COMPILER_APPICON_NAME = AppIcon;
				DEVELOPMENT_TEAM = 5SU5K229BA;
				INFOPLIST_FILE = ZhCharNumberLimit/Info.plist;
				LD_RUNPATH_SEARCH_PATHS = "$(inherited) @executable_path/Frameworks";
				PRODUCT_BUNDLE_IDENTIFIER = mytest.ZhCharNumberLimit;
				PRODUCT_NAME = "$(TARGET_NAME)";
			};
			name = Debug;
		};
		1202832A1F614D6D002A33F2 /* Release */ = {
			isa = XCBuildConfiguration;
			baseConfigurationReference = 1B9CDCA268DF708EADF91078 /* Pods-ZhCharNumberLimit.release.xcconfig */;
			buildSettings = {
				ASSETCATALOG_COMPILER_APPICON_NAME = AppIcon;
				DEVELOPMENT_TEAM = 5SU5K229BA;
				INFOPLIST_FILE = ZhCharNumberLimit/Info.plist;
				LD_RUNPATH_SEARCH_PATHS = "$(inherited) @executable_path/Frameworks";
				PRODUCT_BUNDLE_IDENTIFIER = mytest.ZhCharNumberLimit;
				PRODUCT_NAME = "$(TARGET_NAME)";
			};
			name = Release;
		};
/* End XCBuildConfiguration section */

/* Begin XCConfigurationList section */
		1202830C1F614D6D002A33F2 /* Build configuration list for PBXProject "ZhCharNumberLimit" */ = {
			isa = XCConfigurationList;
			buildConfigurations = (
				120283261F614D6D002A33F2 /* Debug */,
				120283271F614D6D002A33F2 /* Release */,
			);
			defaultConfigurationIsVisible = 0;
			defaultConfigurationName = Release;
		};
		120283281F614D6D002A33F2 /* Build configuration list for PBXNativeTarget "ZhCharNumberLimit" */ = {
			isa = XCConfigurationList;
			buildConfigurations = (
				120283291F614D6D002A33F2 /* Debug */,
				1202832A1F614D6D002A33F2 /* Release */,
			);
			defaultConfigurationIsVisible = 0;
			defaultConfigurationName = Release;
		};
/* End XCConfigurationList section */
	};
	rootObject = 120283091F614D6D002A33F2 /* Project object */;
}
